
Microsoft Visual Studio Solution File, Format Version 12.00
# Visual Studio Version 16
VisualStudioVersion = 16.0.31313.79
MinimumVisualStudioVersion = 10.0.40219.1
Project("{D954291E-2A0B-460D-934E-DC6B0785DB48}") = "PRO100", "PRO100.shproj", "{1C66A211-633A-40CE-877E-A4552D5982A3}"
EndProject
Project("{9A19103F-16F7-4668-BE54-9A1E7A4F7556}") = "Archiver", "Archiver\Archiver.csproj", "{F67C9F2E-CB63-472A-BEC6-69352CFC3DBD}"
EndProject
Project("{9A19103F-16F7-4668-BE54-9A1E7A4F7556}") = "Desktop", "Desktop\Desktop.csproj", "{D704D136-9B53-4692-835A-699068F7A3B5}"
EndProject
Project("{FAE04EC0-301F-11D3-BF4B-00C04F79EFBC}") = "Installer", "Installer\Installer.csproj", "{2068E419-5C9A-4DD2-826C-7388A9D38261}"
EndProject
Project("{FAE04EC0-301F-11D3-BF4B-00C04F79EFBC}") = "WebAPI", "WebAPI\WebAPI.csproj", "{6F50B4B8-146F-48A1-A07A-53C31A7DE002}"
EndProject
Global
	GlobalSection(SharedMSBuildProjectFiles) = preSolution
		PRO100.projitems*{1c66a211-633a-40ce-877e-a4552d5982a3}*SharedItemsImports = 13
	EndGlobalSection
	GlobalSection(SolutionConfigurationPlatforms) = preSolution
		Debug|Any CPU = Debug|Any CPU
		Release|Any CPU = Release|Any CPU
	EndGlobalSection
	GlobalSection(ProjectConfigurationPlatforms) = postSolution
		{F67C9F2E-CB63-472A-BEC6-69352CFC3DBD}.Debug|Any CPU.ActiveCfg = Debug|Any CPU
		{F67C9F2E-CB63-472A-BEC6-69352CFC3DBD}.Debug|Any CPU.Build.0 = Debug|Any CPU
		{F67C9F2E-CB63-472A-BEC6-69352CFC3DBD}.Release|Any CPU.ActiveCfg = Release|Any CPU
		{F67C9F2E-CB63-472A-BEC6-69352CFC3DBD}.Release|Any CPU.Build.0 = Release|Any CPU
		{D704D136-9B53-4692-835A-699068F7A3B5}.Debug|Any CPU.ActiveCfg = Debug|Any CPU
		{D704D136-9B53-4692-835A-699068F7A3B5}.Debug|Any CPU.Build.0 = Debug|Any CPU
		{D704D136-9B53-4692-835A-699068F7A3B5}.Release|Any CPU.ActiveCfg = Release|Any CPU
		{D704D136-9B53-4692-835A-699068F7A3B5}.Release|Any CPU.Build.0 = Release|Any CPU
		{2068E419-5C9A-4DD2-826C-7388A9D38261}.Debug|Any CPU.ActiveCfg = Debug|Any CPU
		{2068E419-5C9A-4DD2-826C-7388A9D38261}.Debug|Any CPU.Build.0 = Debug|Any CPU
		{2068E419-5C9A-4DD2-826C-7388A9D38261}.Release|Any CPU.ActiveCfg = Release|Any CPU
		{2068E419-5C9A-4DD2-826C-7388A9D38261}.Release|Any CPU.Build.0 = Release|Any CPU
		{6F50B4B8-146F-48A1-A07A-53C31A7DE002}.Debug|Any CPU.ActiveCfg = Debug|Any CPU
		{6F50B4B8-146F-48A1-A07A-53C31A7DE002}.Debug|Any CPU.Build.0 = Debug|Any CPU
		{6F50B4B8-146F-48A1-A07A-53C31A7DE002}.Release|Any CPU.ActiveCfg = Release|Any CPU
		{6F50B4B8-146F-48A1-A07A-53C31A7DE002}.Release|Any CPU.Build.0 = Release|Any CPU
	EndGlobalSection
	GlobalSection(SolutionProperties) = preSolution
		HideSolutionNode = FALSE
	EndGlobalSection
	GlobalSection(ExtensibilityGlobals) = postSolution
		SolutionGuid = {3DA5BC02-C59D-4E70-A23C-A5A24CDF04D3}
	EndGlobalSection
EndGlobal
